// !$*UTF8*$!
{
	archiveVersion = 1;
	classes = {
	};
	objectVersion = 50;
	objects = {

/* Begin PBXBuildFile section */
		44A4D07E127721BBFE3C3EA5 /* WebViewControllerBridge.swift in Sources */ = {isa = PBXBuildFile; fileRef = 44A4D67F8889E455A547CB96 /* WebViewControllerBridge.swift */; };
		44A4D0FBB22CC22B053573C3 /* UIView.swift in Sources */ = {isa = PBXBuildFile; fileRef = 44A4D8A659024EF865AEB5D4 /* UIView.swift */; };
		44A4D13A82DE5B9006FED3DC /* Navigator.swift in Sources */ = {isa = PBXBuildFile; fileRef = 44A4D58266EE8EF012AEA979 /* Navigator.swift */; };
		44A4D4CD5F66196CB7AD5CB0 /* AppDelegate.swift in Sources */ = {isa = PBXBuildFile; fileRef = 44A4D965A769BDED09733089 /* AppDelegate.swift */; };
		44A4D7DCB15B8C4799D56BCA /* String.swift in Sources */ = {isa = PBXBuildFile; fileRef = 44A4D0057BF82C52A8F76A38 /* String.swift */; };
		44A4D8885DB5BE5C73C9FB87 /* UserDefaults.swift in Sources */ = {isa = PBXBuildFile; fileRef = 44A4D3A1BA3A8B2AB96CB81B /* UserDefaults.swift */; };
		44A4D8940EA58BA835224F08 /* WKWebView.swift in Sources */ = {isa = PBXBuildFile; fileRef = 44A4D28CC8536DDE9F1F0250 /* WKWebView.swift */; };
		44A4DA74333EAD4EFAF5B4EE /* Controller.swift in Sources */ = {isa = PBXBuildFile; fileRef = 44A4D679EE3DA8619FC2FEB2 /* Controller.swift */; };
		44A4DB830BC41F131E122F7C /* GCExtendedGamepad.swift in Sources */ = {isa = PBXBuildFile; fileRef = 44A4D999AA39891699C55D00 /* GCExtendedGamepad.swift */; };
		44A4DD02B25D92ECC2A0C48F /* Config.swift in Sources */ = {isa = PBXBuildFile; fileRef = 44A4D425AA9492A7F66964BC /* Config.swift */; };
		44A4DD2F10965A88D83F5C0D /* SceneDelegate.swift in Sources */ = {isa = PBXBuildFile; fileRef = 44A4DBCCBA86600B436045E4 /* SceneDelegate.swift */; };
		9EB2DCDAED7608EACA12EBC7 /* Pods_Cloudy.framework in Frameworks */ = {isa = PBXBuildFile; fileRef = 3A421E63474AF02DC5AC998E /* Pods_Cloudy.framework */; };
		E7B87E2B25338121004358E3 /* ViewController.swift in Sources */ = {isa = PBXBuildFile; fileRef = E7B87E2A25338121004358E3 /* ViewController.swift */; };
		E7B87E2E25338121004358E3 /* Main.storyboard in Resources */ = {isa = PBXBuildFile; fileRef = E7B87E2C25338121004358E3 /* Main.storyboard */; };
		E7B87E3025338124004358E3 /* Assets.xcassets in Resources */ = {isa = PBXBuildFile; fileRef = E7B87E2F25338124004358E3 /* Assets.xcassets */; };
		E7B87E3325338124004358E3 /* LaunchScreen.storyboard in Resources */ = {isa = PBXBuildFile; fileRef = E7B87E3125338124004358E3 /* LaunchScreen.storyboard */; };
		E7DADF612534423900818942 /* QuartzCore.framework in Frameworks */ = {isa = PBXBuildFile; fileRef = E7DADF602534423900818942 /* QuartzCore.framework */; };
/* End PBXBuildFile section */

/* Begin PBXFileReference section */
		3A421E63474AF02DC5AC998E /* Pods_Cloudy.framework */ = {isa = PBXFileReference; explicitFileType = wrapper.framework; includeInIndex = 0; path = Pods_Cloudy.framework; sourceTree = BUILT_PRODUCTS_DIR; };
		41B06A6272F5937A8EDBBAC5 /* Pods-Cloudy.release.xcconfig */ = {isa = PBXFileReference; includeInIndex = 1; lastKnownFileType = text.xcconfig; name = "Pods-Cloudy.release.xcconfig"; path = "Target Support Files/Pods-Cloudy/Pods-Cloudy.release.xcconfig"; sourceTree = "<group>"; };
		44A4D0057BF82C52A8F76A38 /* String.swift */ = {isa = PBXFileReference; fileEncoding = 4; lastKnownFileType = sourcecode.swift; path = String.swift; sourceTree = "<group>"; };
		44A4D28CC8536DDE9F1F0250 /* WKWebView.swift */ = {isa = PBXFileReference; fileEncoding = 4; lastKnownFileType = sourcecode.swift; path = WKWebView.swift; sourceTree = "<group>"; };
		44A4D3A1BA3A8B2AB96CB81B /* UserDefaults.swift */ = {isa = PBXFileReference; fileEncoding = 4; lastKnownFileType = sourcecode.swift; path = UserDefaults.swift; sourceTree = "<group>"; };
		44A4D425AA9492A7F66964BC /* Config.swift */ = {isa = PBXFileReference; fileEncoding = 4; lastKnownFileType = sourcecode.swift; path = Config.swift; sourceTree = "<group>"; };
		44A4D58266EE8EF012AEA979 /* Navigator.swift */ = {isa = PBXFileReference; fileEncoding = 4; lastKnownFileType = sourcecode.swift; path = Navigator.swift; sourceTree = "<group>"; };
		44A4D679EE3DA8619FC2FEB2 /* Controller.swift */ = {isa = PBXFileReference; fileEncoding = 4; lastKnownFileType = sourcecode.swift; path = Controller.swift; sourceTree = "<group>"; };
		44A4D67F8889E455A547CB96 /* WebViewControllerBridge.swift */ = {isa = PBXFileReference; fileEncoding = 4; lastKnownFileType = sourcecode.swift; path = WebViewControllerBridge.swift; sourceTree = "<group>"; };
		44A4D8A659024EF865AEB5D4 /* UIView.swift */ = {isa = PBXFileReference; fileEncoding = 4; lastKnownFileType = sourcecode.swift; path = UIView.swift; sourceTree = "<group>"; };
		44A4D965A769BDED09733089 /* AppDelegate.swift */ = {isa = PBXFileReference; fileEncoding = 4; lastKnownFileType = sourcecode.swift; path = AppDelegate.swift; sourceTree = "<group>"; };
		44A4D999AA39891699C55D00 /* GCExtendedGamepad.swift */ = {isa = PBXFileReference; fileEncoding = 4; lastKnownFileType = sourcecode.swift; path = GCExtendedGamepad.swift; sourceTree = "<group>"; };
		44A4DBCCBA86600B436045E4 /* SceneDelegate.swift */ = {isa = PBXFileReference; fileEncoding = 4; lastKnownFileType = sourcecode.swift; path = SceneDelegate.swift; sourceTree = "<group>"; };
		8455400E9D26EB48497CC432 /* Pods-Cloudy.debug.xcconfig */ = {isa = PBXFileReference; includeInIndex = 1; lastKnownFileType = text.xcconfig; name = "Pods-Cloudy.debug.xcconfig"; path = "Target Support Files/Pods-Cloudy/Pods-Cloudy.debug.xcconfig"; sourceTree = "<group>"; };
		E7B87E2325338121004358E3 /* Cloudy.app */ = {isa = PBXFileReference; explicitFileType = wrapper.application; includeInIndex = 0; path = Cloudy.app; sourceTree = BUILT_PRODUCTS_DIR; };
		E7B87E2A25338121004358E3 /* ViewController.swift */ = {isa = PBXFileReference; lastKnownFileType = sourcecode.swift; path = ViewController.swift; sourceTree = "<group>"; };
		E7B87E2D25338121004358E3 /* Base */ = {isa = PBXFileReference; lastKnownFileType = file.storyboard; name = Base; path = Base.lproj/Main.storyboard; sourceTree = "<group>"; };
		E7B87E2F25338124004358E3 /* Assets.xcassets */ = {isa = PBXFileReference; lastKnownFileType = folder.assetcatalog; path = Assets.xcassets; sourceTree = "<group>"; };
		E7B87E3225338124004358E3 /* Base */ = {isa = PBXFileReference; lastKnownFileType = file.storyboard; name = Base; path = Base.lproj/LaunchScreen.storyboard; sourceTree = "<group>"; };
		E7B87E3425338124004358E3 /* Info.plist */ = {isa = PBXFileReference; lastKnownFileType = text.plist.xml; path = Info.plist; sourceTree = "<group>"; };
		E7DADF602534423900818942 /* QuartzCore.framework */ = {isa = PBXFileReference; lastKnownFileType = wrapper.framework; name = QuartzCore.framework; path = System/Library/Frameworks/QuartzCore.framework; sourceTree = SDKROOT; };
/* End PBXFileReference section */

/* Begin PBXFrameworksBuildPhase section */
		E7B87E2025338121004358E3 /* Frameworks */ = {
			isa = PBXFrameworksBuildPhase;
			buildActionMask = 2147483647;
			files = (
				E7DADF612534423900818942 /* QuartzCore.framework in Frameworks */,
				9EB2DCDAED7608EACA12EBC7 /* Pods_Cloudy.framework in Frameworks */,
			);
			runOnlyForDeploymentPostprocessing = 0;
		};
/* End PBXFrameworksBuildPhase section */

/* Begin PBXGroup section */
		44A4D1438C45504101E3F0F6 /* App */ = {
			isa = PBXGroup;
			children = (
				44A4DBCCBA86600B436045E4 /* SceneDelegate.swift */,
				44A4D965A769BDED09733089 /* AppDelegate.swift */,
			);
			path = App;
			sourceTree = "<group>";
		};
		44A4D35F4287C173F7E152C8 /* Extension */ = {
			isa = PBXGroup;
			children = (
				44A4D8A659024EF865AEB5D4 /* UIView.swift */,
				44A4D999AA39891699C55D00 /* GCExtendedGamepad.swift */,
				44A4D28CC8536DDE9F1F0250 /* WKWebView.swift */,
				44A4D0057BF82C52A8F76A38 /* String.swift */,
			);
			path = Extension;
			sourceTree = "<group>";
		};
		44A4D54D8E4FC726157DAB44 /* Model */ = {
			isa = PBXGroup;
			children = (
				44A4D3A1BA3A8B2AB96CB81B /* UserDefaults.swift */,
				44A4D679EE3DA8619FC2FEB2 /* Controller.swift */,
				44A4D58266EE8EF012AEA979 /* Navigator.swift */,
			);
			path = Model;
			sourceTree = "<group>";
		};
		BAE0DB788934EEACDC30EDC7 /* Pods */ = {
			isa = PBXGroup;
			children = (
				8455400E9D26EB48497CC432 /* Pods-Cloudy.debug.xcconfig */,
				41B06A6272F5937A8EDBBAC5 /* Pods-Cloudy.release.xcconfig */,
			);
			name = Pods;
			path = Pods;
			sourceTree = "<group>";
		};
		E7B87E1A25338120004358E3 = {
			isa = PBXGroup;
			children = (
				E7B87E2525338121004358E3 /* Cloudy */,
				E7B87E2425338121004358E3 /* Products */,
				E7DADF5F2534423800818942 /* Frameworks */,
				BAE0DB788934EEACDC30EDC7 /* Pods */,
			);
			sourceTree = "<group>";
		};
		E7B87E2425338121004358E3 /* Products */ = {
			isa = PBXGroup;
			children = (
				E7B87E2325338121004358E3 /* Cloudy.app */,
			);
			name = Products;
			sourceTree = "<group>";
		};
		E7B87E2525338121004358E3 /* Cloudy */ = {
			isa = PBXGroup;
			children = (
				E7B87E2A25338121004358E3 /* ViewController.swift */,
				E7B87E2C25338121004358E3 /* Main.storyboard */,
				E7B87E2F25338124004358E3 /* Assets.xcassets */,
				E7B87E3125338124004358E3 /* LaunchScreen.storyboard */,
				E7B87E3425338124004358E3 /* Info.plist */,
				44A4D425AA9492A7F66964BC /* Config.swift */,
				44A4D67F8889E455A547CB96 /* WebViewControllerBridge.swift */,
				44A4D35F4287C173F7E152C8 /* Extension */,
				44A4D54D8E4FC726157DAB44 /* Model */,
				44A4D1438C45504101E3F0F6 /* App */,
			);
			path = Cloudy;
			sourceTree = "<group>";
		};
		E7DADF5F2534423800818942 /* Frameworks */ = {
			isa = PBXGroup;
			children = (
				E7DADF602534423900818942 /* QuartzCore.framework */,
				3A421E63474AF02DC5AC998E /* Pods_Cloudy.framework */,
			);
			name = Frameworks;
			sourceTree = "<group>";
		};
/* End PBXGroup section */

/* Begin PBXNativeTarget section */
		E7B87E2225338121004358E3 /* Cloudy */ = {
			isa = PBXNativeTarget;
			buildConfigurationList = E7B87E3725338124004358E3 /* Build configuration list for PBXNativeTarget "Cloudy" */;
			buildPhases = (
				3C0FBEE8BCAFD449267D309A /* [CP] Check Pods Manifest.lock */,
				E7B87E1F25338121004358E3 /* Sources */,
				E7B87E2025338121004358E3 /* Frameworks */,
				E7B87E2125338121004358E3 /* Resources */,
			);
			buildRules = (
			);
			dependencies = (
			);
			name = Cloudy;
			productName = Cloudy;
			productReference = E7B87E2325338121004358E3 /* Cloudy.app */;
			productType = "com.apple.product-type.application";
		};
/* End PBXNativeTarget section */

/* Begin PBXProject section */
		E7B87E1B25338120004358E3 /* Project object */ = {
			isa = PBXProject;
			attributes = {
				LastSwiftUpdateCheck = 1200;
				LastUpgradeCheck = 1200;
				ORGANIZATIONNAME = Nomad5;
				TargetAttributes = {
					E7B87E2225338121004358E3 = {
						CreatedOnToolsVersion = 12.0.1;
					};
				};
			};
			buildConfigurationList = E7B87E1E25338120004358E3 /* Build configuration list for PBXProject "Cloudy" */;
			compatibilityVersion = "Xcode 9.3";
			developmentRegion = en;
			hasScannedForEncodings = 0;
			knownRegions = (
				en,
				Base,
			);
			mainGroup = E7B87E1A25338120004358E3;
			productRefGroup = E7B87E2425338121004358E3 /* Products */;
			projectDirPath = "";
			projectRoot = "";
			targets = (
				E7B87E2225338121004358E3 /* Cloudy */,
			);
		};
/* End PBXProject section */

/* Begin PBXResourcesBuildPhase section */
		E7B87E2125338121004358E3 /* Resources */ = {
			isa = PBXResourcesBuildPhase;
			buildActionMask = 2147483647;
			files = (
				E7B87E3325338124004358E3 /* LaunchScreen.storyboard in Resources */,
				E7B87E3025338124004358E3 /* Assets.xcassets in Resources */,
				E7B87E2E25338121004358E3 /* Main.storyboard in Resources */,
			);
			runOnlyForDeploymentPostprocessing = 0;
		};
/* End PBXResourcesBuildPhase section */

/* Begin PBXShellScriptBuildPhase section */
		3C0FBEE8BCAFD449267D309A /* [CP] Check Pods Manifest.lock */ = {
			isa = PBXShellScriptBuildPhase;
			buildActionMask = 2147483647;
			files = (
			);
			inputFileListPaths = (
			);
			inputPaths = (
				"${PODS_PODFILE_DIR_PATH}/Podfile.lock",
				"${PODS_ROOT}/Manifest.lock",
			);
			name = "[CP] Check Pods Manifest.lock";
			outputFileListPaths = (
			);
			outputPaths = (
				"$(DERIVED_FILE_DIR)/Pods-Cloudy-checkManifestLockResult.txt",
			);
			runOnlyForDeploymentPostprocessing = 0;
			shellPath = /bin/sh;
			shellScript = "diff \"${PODS_PODFILE_DIR_PATH}/Podfile.lock\" \"${PODS_ROOT}/Manifest.lock\" > /dev/null\nif [ $? != 0 ] ; then\n    # print error to STDERR\n    echo \"error: The sandbox is not in sync with the Podfile.lock. Run 'pod install' or update your CocoaPods installation.\" >&2\n    exit 1\nfi\n# This output is used by Xcode 'outputs' to avoid re-running this script phase.\necho \"SUCCESS\" > \"${SCRIPT_OUTPUT_FILE_0}\"\n";
			showEnvVarsInLog = 0;
		};
/* End PBXShellScriptBuildPhase section */

/* Begin PBXSourcesBuildPhase section */
		E7B87E1F25338121004358E3 /* Sources */ = {
			isa = PBXSourcesBuildPhase;
			buildActionMask = 2147483647;
			files = (
				E7B87E2B25338121004358E3 /* ViewController.swift in Sources */,
				44A4DD02B25D92ECC2A0C48F /* Config.swift in Sources */,
				44A4D07E127721BBFE3C3EA5 /* WebViewControllerBridge.swift in Sources */,
				44A4D0FBB22CC22B053573C3 /* UIView.swift in Sources */,
				44A4DB830BC41F131E122F7C /* GCExtendedGamepad.swift in Sources */,
				44A4D8940EA58BA835224F08 /* WKWebView.swift in Sources */,
				44A4D8885DB5BE5C73C9FB87 /* UserDefaults.swift in Sources */,
				44A4DA74333EAD4EFAF5B4EE /* Controller.swift in Sources */,
				44A4DD2F10965A88D83F5C0D /* SceneDelegate.swift in Sources */,
				44A4D4CD5F66196CB7AD5CB0 /* AppDelegate.swift in Sources */,
				44A4D7DCB15B8C4799D56BCA /* String.swift in Sources */,
				44A4D13A82DE5B9006FED3DC /* Navigator.swift in Sources */,
			);
			runOnlyForDeploymentPostprocessing = 0;
		};
/* End PBXSourcesBuildPhase section */

/* Begin PBXVariantGroup section */
		E7B87E2C25338121004358E3 /* Main.storyboard */ = {
			isa = PBXVariantGroup;
			children = (
				E7B87E2D25338121004358E3 /* Base */,
			);
			name = Main.storyboard;
			sourceTree = "<group>";
		};
		E7B87E3125338124004358E3 /* LaunchScreen.storyboard */ = {
			isa = PBXVariantGroup;
			children = (
				E7B87E3225338124004358E3 /* Base */,
			);
			name = LaunchScreen.storyboard;
			sourceTree = "<group>";
		};
/* End PBXVariantGroup section */

/* Begin XCBuildConfiguration section */
		E7B87E3525338124004358E3 /* Debug */ = {
			isa = XCBuildConfiguration;
			buildSettings = {
				ALWAYS_SEARCH_USER_PATHS = NO;
				CLANG_ANALYZER_NONNULL = YES;
				CLANG_ANALYZER_NUMBER_OBJECT_CONVERSION = YES_AGGRESSIVE;
				CLANG_CXX_LANGUAGE_STANDARD = "gnu++14";
				CLANG_CXX_LIBRARY = "libc++";
				CLANG_ENABLE_MODULES = YES;
				CLANG_ENABLE_OBJC_ARC = YES;
				CLANG_ENABLE_OBJC_WEAK = YES;
				CLANG_WARN_BLOCK_CAPTURE_AUTORELEASING = YES;
				CLANG_WARN_BOOL_CONVERSION = YES;
				CLANG_WARN_COMMA = YES;
				CLANG_WARN_CONSTANT_CONVERSION = YES;
				CLANG_WARN_DEPRECATED_OBJC_IMPLEMENTATIONS = YES;
				CLANG_WARN_DIRECT_OBJC_ISA_USAGE = YES_ERROR;
				CLANG_WARN_DOCUMENTATION_COMMENTS = YES;
				CLANG_WARN_EMPTY_BODY = YES;
				CLANG_WARN_ENUM_CONVERSION = YES;
				CLANG_WARN_INFINITE_RECURSION = YES;
				CLANG_WARN_INT_CONVERSION = YES;
				CLANG_WARN_NON_LITERAL_NULL_CONVERSION = YES;
				CLANG_WARN_OBJC_IMPLICIT_RETAIN_SELF = YES;
				CLANG_WARN_OBJC_LITERAL_CONVERSION = YES;
				CLANG_WARN_OBJC_ROOT_CLASS = YES_ERROR;
				CLANG_WARN_QUOTED_INCLUDE_IN_FRAMEWORK_HEADER = YES;
				CLANG_WARN_RANGE_LOOP_ANALYSIS = YES;
				CLANG_WARN_STRICT_PROTOTYPES = YES;
				CLANG_WARN_SUSPICIOUS_MOVE = YES;
				CLANG_WARN_UNGUARDED_AVAILABILITY = YES_AGGRESSIVE;
				CLANG_WARN_UNREACHABLE_CODE = YES;
				CLANG_WARN__DUPLICATE_METHOD_MATCH = YES;
				COPY_PHASE_STRIP = NO;
				DEBUG_INFORMATION_FORMAT = dwarf;
				ENABLE_STRICT_OBJC_MSGSEND = YES;
				ENABLE_TESTABILITY = YES;
				GCC_C_LANGUAGE_STANDARD = gnu11;
				GCC_DYNAMIC_NO_PIC = NO;
				GCC_NO_COMMON_BLOCKS = YES;
				GCC_OPTIMIZATION_LEVEL = 0;
				GCC_PREPROCESSOR_DEFINITIONS = (
					"DEBUG=1",
					"$(inherited)",
				);
				GCC_WARN_64_TO_32_BIT_CONVERSION = YES;
				GCC_WARN_ABOUT_RETURN_TYPE = YES_ERROR;
				GCC_WARN_UNDECLARED_SELECTOR = YES;
				GCC_WARN_UNINITIALIZED_AUTOS = YES_AGGRESSIVE;
				GCC_WARN_UNUSED_FUNCTION = YES;
				GCC_WARN_UNUSED_VARIABLE = YES;
				IPHONEOS_DEPLOYMENT_TARGET = 14.0;
				MTL_ENABLE_DEBUG_INFO = INCLUDE_SOURCE;
				MTL_FAST_MATH = YES;
				ONLY_ACTIVE_ARCH = YES;
				SDKROOT = iphoneos;
				SWIFT_ACTIVE_COMPILATION_CONDITIONS = DEBUG;
				SWIFT_OPTIMIZATION_LEVEL = "-Onone";
			};
			name = Debug;
		};
		E7B87E3625338124004358E3 /* Release */ = {
			isa = XCBuildConfiguration;
			buildSettings = {
				ALWAYS_SEARCH_USER_PATHS = NO;
				CLANG_ANALYZER_NONNULL = YES;
				CLANG_ANALYZER_NUMBER_OBJECT_CONVERSION = YES_AGGRESSIVE;
				CLANG_CXX_LANGUAGE_STANDARD = "gnu++14";
				CLANG_CXX_LIBRARY = "libc++";
				CLANG_ENABLE_MODULES = YES;
				CLANG_ENABLE_OBJC_ARC = YES;
				CLANG_ENABLE_OBJC_WEAK = YES;
				CLANG_WARN_BLOCK_CAPTURE_AUTORELEASING = YES;
				CLANG_WARN_BOOL_CONVERSION = YES;
				CLANG_WARN_COMMA = YES;
				CLANG_WARN_CONSTANT_CONVERSION = YES;
				CLANG_WARN_DEPRECATED_OBJC_IMPLEMENTATIONS = YES;
				CLANG_WARN_DIRECT_OBJC_ISA_USAGE = YES_ERROR;
				CLANG_WARN_DOCUMENTATION_COMMENTS = YES;
				CLANG_WARN_EMPTY_BODY = YES;
				CLANG_WARN_ENUM_CONVERSION = YES;
				CLANG_WARN_INFINITE_RECURSION = YES;
				CLANG_WARN_INT_CONVERSION = YES;
				CLANG_WARN_NON_LITERAL_NULL_CONVERSION = YES;
				CLANG_WARN_OBJC_IMPLICIT_RETAIN_SELF = YES;
				CLANG_WARN_OBJC_LITERAL_CONVERSION = YES;
				CLANG_WARN_OBJC_ROOT_CLASS = YES_ERROR;
				CLANG_WARN_QUOTED_INCLUDE_IN_FRAMEWORK_HEADER = YES;
				CLANG_WARN_RANGE_LOOP_ANALYSIS = YES;
				CLANG_WARN_STRICT_PROTOTYPES = YES;
				CLANG_WARN_SUSPICIOUS_MOVE = YES;
				CLANG_WARN_UNGUARDED_AVAILABILITY = YES_AGGRESSIVE;
				CLANG_WARN_UNREACHABLE_CODE = YES;
				CLANG_WARN__DUPLICATE_METHOD_MATCH = YES;
				COPY_PHASE_STRIP = NO;
				DEBUG_INFORMATION_FORMAT = "dwarf-with-dsym";
				ENABLE_NS_ASSERTIONS = NO;
				ENABLE_STRICT_OBJC_MSGSEND = YES;
				GCC_C_LANGUAGE_STANDARD = gnu11;
				GCC_NO_COMMON_BLOCKS = YES;
				GCC_WARN_64_TO_32_BIT_CONVERSION = YES;
				GCC_WARN_ABOUT_RETURN_TYPE = YES_ERROR;
				GCC_WARN_UNDECLARED_SELECTOR = YES;
				GCC_WARN_UNINITIALIZED_AUTOS = YES_AGGRESSIVE;
				GCC_WARN_UNUSED_FUNCTION = YES;
				GCC_WARN_UNUSED_VARIABLE = YES;
				IPHONEOS_DEPLOYMENT_TARGET = 14.0;
				MTL_ENABLE_DEBUG_INFO = NO;
				MTL_FAST_MATH = YES;
				SDKROOT = iphoneos;
				SWIFT_COMPILATION_MODE = wholemodule;
				SWIFT_OPTIMIZATION_LEVEL = "-O";
				VALIDATE_PRODUCT = YES;
			};
			name = Release;
		};
		E7B87E3825338124004358E3 /* Debug */ = {
			isa = XCBuildConfiguration;
			baseConfigurationReference = 8455400E9D26EB48497CC432 /* Pods-Cloudy.debug.xcconfig */;
			buildSettings = {
				ASSETCATALOG_COMPILER_APPICON_NAME = AppIcon;
				ASSETCATALOG_COMPILER_GLOBAL_ACCENT_COLOR_NAME = AccentColor;
				CODE_SIGN_STYLE = Automatic;
				DEVELOPMENT_TEAM = E4H6XCERNK;
				INFOPLIST_FILE = Cloudy/Info.plist;
				LD_RUNPATH_SEARCH_PATHS = (
					"$(inherited)",
					"@executable_path/Frameworks",
				);
				MARKETING_VERSION = 0.0.9;
				PRODUCT_BUNDLE_IDENTIFIER = com.nomad5.Cloudy;
				PRODUCT_NAME = "$(TARGET_NAME)";
				SWIFT_VERSION = 5.0;
				TARGETED_DEVICE_FAMILY = "1,2";
			};
			name = Debug;
		};
		E7B87E3925338124004358E3 /* Release */ = {
			isa = XCBuildConfiguration;
			baseConfigurationReference = 41B06A6272F5937A8EDBBAC5 /* Pods-Cloudy.release.xcconfig */;
			buildSettings = {
				ASSETCATALOG_COMPILER_APPICON_NAME = AppIcon;
				ASSETCATALOG_COMPILER_GLOBAL_ACCENT_COLOR_NAME = AccentColor;
				CODE_SIGN_STYLE = Automatic;
				DEVELOPMENT_TEAM = E4H6XCERNK;
				INFOPLIST_FILE = Cloudy/Info.plist;
				LD_RUNPATH_SEARCH_PATHS = (
					"$(inherited)",
					"@executable_path/Frameworks",
				);
				MARKETING_VERSION = 0.0.9;
				PRODUCT_BUNDLE_IDENTIFIER = com.nomad5.Cloudy;
				PRODUCT_NAME = "$(TARGET_NAME)";
				SWIFT_VERSION = 5.0;
				TARGETED_DEVICE_FAMILY = "1,2";
			};
			name = Release;
		};
/* End XCBuildConfiguration section */

/* Begin XCConfigurationList section */
		E7B87E1E25338120004358E3 /* Build configuration list for PBXProject "Cloudy" */ = {
			isa = XCConfigurationList;
			buildConfigurations = (
				E7B87E3525338124004358E3 /* Debug */,
				E7B87E3625338124004358E3 /* Release */,
			);
			defaultConfigurationIsVisible = 0;
			defaultConfigurationName = Release;
		};
		E7B87E3725338124004358E3 /* Build configuration list for PBXNativeTarget "Cloudy" */ = {
			isa = XCConfigurationList;
			buildConfigurations = (
				E7B87E3825338124004358E3 /* Debug */,
				E7B87E3925338124004358E3 /* Release */,
			);
			defaultConfigurationIsVisible = 0;
			defaultConfigurationName = Release;
		};
/* End XCConfigurationList section */
	};
	rootObject = E7B87E1B25338120004358E3 /* Project object */;
}
